
Microsoft Visual Studio Solution File, Format Version 12.00
# Visual Studio Version 17
VisualStudioVersion = 17.5.002.0
MinimumVisualStudioVersion = 10.0.40219.1
Project("{9A19103F-16F7-4668-BE54-9A1E7A4F7556}") = "NodeRed", "NodeRed\NodeRed.csproj", "{E62A44E5-0C53-41AE-BA01-BB047E835DE7}"
EndProject
Global
	GlobalSection(SolutionConfigurationPlatforms) = preSolution
		Debug|Any CPU = Debug|Any CPU
		Release|Any CPU = Release|Any CPU
	EndGlobalSection
	GlobalSection(ProjectConfigurationPlatforms) = postSolution
		{E62A44E5-0C53-41AE-BA01-BB047E835DE7}.Debug|Any CPU.ActiveCfg = Debug|Any CPU
		{E62A44E5-0C53-41AE-BA01-BB047E835DE7}.Debug|Any CPU.Build.0 = Debug|Any CPU
		{E62A44E5-0C53-41AE-BA01-BB047E835DE7}.Release|Any CPU.ActiveCfg = Release|Any CPU
		{E62A44E5-0C53-41AE-BA01-BB047E835DE7}.Release|Any CPU.Build.0 = Release|Any CPU
	EndGlobalSection
	GlobalSection(SolutionProperties) = preSolution
		HideSolutionNode = FALSE
	EndGlobalSection
	GlobalSection(ExtensibilityGlobals) = postSolution
		SolutionGuid = {51C588FF-58F4-4138-B6C9-C79AF0D38CF9}
	EndGlobalSection
EndGlobal
